
Microsoft Visual Studio Solution File, Format Version 12.00
# Visual Studio Version 17
VisualStudioVersion = 17.10.35013.160
MinimumVisualStudioVersion = 10.0.40219.1
Project("{9A19103F-16F7-4668-BE54-9A1E7A4F7556}") = "TreeParsing", "TreeParsing\TreeParsing.csproj", "{ADA98FAF-5EC0-4E2A-AE66-E70958EF23ED}"
EndProject
Project("{9A19103F-16F7-4668-BE54-9A1E7A4F7556}") = "TreeParsingTests", "TreeParsingTests\TreeParsingTests.csproj", "{DF3B8B44-AFC1-4CBF-8C7D-83986A65B564}"
EndProject
Global
	GlobalSection(SolutionConfigurationPlatforms) = preSolution
		Debug|Any CPU = Debug|Any CPU
		Release|Any CPU = Release|Any CPU
	EndGlobalSection
	GlobalSection(ProjectConfigurationPlatforms) = postSolution
		{ADA98FAF-5EC0-4E2A-AE66-E70958EF23ED}.Debug|Any CPU.ActiveCfg = Debug|Any CPU
		{ADA98FAF-5EC0-4E2A-AE66-E70958EF23ED}.Debug|Any CPU.Build.0 = Debug|Any CPU
		{ADA98FAF-5EC0-4E2A-AE66-E70958EF23ED}.Release|Any CPU.ActiveCfg = Release|Any CPU
		{ADA98FAF-5EC0-4E2A-AE66-E70958EF23ED}.Release|Any CPU.Build.0 = Release|Any CPU
		{DF3B8B44-AFC1-4CBF-8C7D-83986A65B564}.Debug|Any CPU.ActiveCfg = Debug|Any CPU
		{DF3B8B44-AFC1-4CBF-8C7D-83986A65B564}.Debug|Any CPU.Build.0 = Debug|Any CPU
		{DF3B8B44-AFC1-4CBF-8C7D-83986A65B564}.Release|Any CPU.ActiveCfg = Release|Any CPU
		{DF3B8B44-AFC1-4CBF-8C7D-83986A65B564}.Release|Any CPU.Build.0 = Release|Any CPU
	EndGlobalSection
	GlobalSection(SolutionProperties) = preSolution
		HideSolutionNode = FALSE
	EndGlobalSection
	GlobalSection(ExtensibilityGlobals) = postSolution
		SolutionGuid = {94B89433-D5D6-4C0A-AD8D-70DDDD4CDF57}
	EndGlobalSection
EndGlobal
